
Microsoft Visual Studio Solution File, Format Version 12.00
# Visual Studio Version 18
VisualStudioVersion = 18.0.11217.181
MinimumVisualStudioVersion = 10.0.40219.1
Project("{2150E333-8FDC-42A3-9474-1A3956D46DE8}") = "First_Autonomous_Test", "First_Autonomous_Test", "{F165E8B4-F48B-AD39-66D7-A54EE98E9231}"
	ProjectSection(SolutionItems) = preProject
		First_Autonomous_Test\explanatory_note.txt = First_Autonomous_Test\explanatory_note.txt
	EndProjectSection
EndProject
Project("{FAE04EC0-301F-11D3-BF4B-00C04F79EFBC}") = "LogAn", "First_Autonomous_Test\LogAn\LogAn.csproj", "{D81E65A5-5E53-DE46-5484-7C25269A4862}"
EndProject
Project("{FAE04EC0-301F-11D3-BF4B-00C04F79EFBC}") = "LogAn.UnitTests", "First_Autonomous_Test\LogAn.UnitTests\LogAn.UnitTests.csproj", "{4DFE409D-3CE2-A703-2CF5-4A7B3CE2C5E7}"
EndProject
Project("{2150E333-8FDC-42A3-9474-1A3956D46DE8}") = "Four_Aspects_Of_Good_Unit_Tests", "Four_Aspects_Of_Good_Unit_Tests", "{77CEB561-7E68-4E0B-AA00-DB8727C6A863}"
	ProjectSection(SolutionItems) = preProject
		Four_Aspects_Of_Good_Unit_Tests\explanatory_note.txt = Four_Aspects_Of_Good_Unit_Tests\explanatory_note.txt
	EndProjectSection
EndProject
Project("{FAE04EC0-301F-11D3-BF4B-00C04F79EFBC}") = "SUT", "Four_Aspects_Of_Good_Unit_Tests\SUT\SUT.csproj", "{45C39EDD-3194-42C6-8D88-9A70EF9503CF}"
EndProject
Project("{FAE04EC0-301F-11D3-BF4B-00C04F79EFBC}") = "SUT.UnitTests", "Four_Aspects_Of_Good_Unit_Tests\SUT.UnitTests\SUT.UnitTests.csproj", "{65FA6DDF-A34D-49C9-8728-90D15530490F}"
EndProject
Project("{2150E333-8FDC-42A3-9474-1A3956D46DE8}") = "Using_Stubs_For_Break_Dependencies", "Using_Stubs_For_Break_Dependencies", "{FE3B4120-A00D-4CC6-8516-1CFC25E5FD91}"
	ProjectSection(SolutionItems) = preProject
		Using_Stubs_For_Break_Dependencies\explanatory_note.txt = Using_Stubs_For_Break_Dependencies\explanatory_note.txt
	EndProjectSection
EndProject
Project("{FAE04EC0-301F-11D3-BF4B-00C04F79EFBC}") = "LogAn", "Using_Stubs_For_Break_Dependencies\LogAn\LogAn.csproj", "{1913E6D5-655B-458C-9205-170CC3ACC930}"
EndProject
Project("{FAE04EC0-301F-11D3-BF4B-00C04F79EFBC}") = "LogAn.UnitTests", "Using_Stubs_For_Break_Dependencies\LogAn.UnitTests\LogAn.UnitTests.csproj", "{681180D8-D964-4515-801D-81A6DD9DD576}"
EndProject
Project("{2150E333-8FDC-42A3-9474-1A3956D46DE8}") = "Testing_Interactions_Using_Mock_Objects", "Testing_Interactions_Using_Mock_Objects", "{0B66F697-C2E6-4F50-9D80-508B0E981ED2}"
EndProject
Project("{FAE04EC0-301F-11D3-BF4B-00C04F79EFBC}") = "LogAn", "Testing_Interactions_Using_Mock_Objects\LogAn\LogAn.csproj", "{459D8EDC-255A-4252-A136-4E1F9691650A}"
EndProject
Project("{FAE04EC0-301F-11D3-BF4B-00C04F79EFBC}") = "LogAn.UnitTests", "Testing_Interactions_Using_Mock_Objects\LogAn.UnitTests\LogAn.UnitTests.csproj", "{1C5D77DB-A592-4B8D-B5EA-29F8614072F4}"
EndProject
Project("{2150E333-8FDC-42A3-9474-1A3956D46DE8}") = "Unit_Testing_Styles", "Unit_Testing_Styles", "{A40D4440-C52D-46AB-A047-4997B566D47F}"
	ProjectSection(SolutionItems) = preProject
		Unit_Testing_Styles\explanatory_note.txt = Unit_Testing_Styles\explanatory_note.txt
	EndProjectSection
EndProject
Project("{FAE04EC0-301F-11D3-BF4B-00C04F79EFBC}") = "SUT", "Unit_Testing_Styles\SUT\SUT.csproj", "{5F6184A0-6195-4997-98E0-5A0A753F82C9}"
EndProject
Project("{FAE04EC0-301F-11D3-BF4B-00C04F79EFBC}") = "SUT.UnitTests", "Unit_Testing_Styles\SUT.UnitTests\SUT.UnitTests.csproj", "{61A30F34-C931-4DE9-A2C5-88A697B82625}"
EndProject
Project("{2150E333-8FDC-42A3-9474-1A3956D46DE8}") = "Isolating_Frames_For_Generating_Dummy_Objects", "Isolating_Frames_For_Generating_Dummy_Objects", "{BB931595-F716-4DE2-8520-5D753E9270F0}"
	ProjectSection(SolutionItems) = preProject
		Isolating_Frames_For_Generating_Dummy_Objects\explanatory_note.txt = Isolating_Frames_For_Generating_Dummy_Objects\explanatory_note.txt
	EndProjectSection
EndProject
Project("{FAE04EC0-301F-11D3-BF4B-00C04F79EFBC}") = "LogAn", "Isolating_Frames_For_Generating_Dummy_Objects\LogAn\LogAn.csproj", "{EBB3F68E-DE84-1461-B0A3-082E4615438B}"
EndProject
Project("{FAE04EC0-301F-11D3-BF4B-00C04F79EFBC}") = "LogAn.UnitTests", "Isolating_Frames_For_Generating_Dummy_Objects\LogAn.UnitTests\LogAn.UnitTests.csproj", "{98C091C9-7F75-F67A-A664-664BEEBBF6F3}"
EndProject
Project("{FAE04EC0-301F-11D3-BF4B-00C04F79EFBC}") = "AuditSystem", "Unit_Testing_Styles\AuditSystem\AuditSystem.csproj", "{C2D9B0C9-6D53-449B-9D7A-A9C82D4790A9}"
EndProject
Project("{FAE04EC0-301F-11D3-BF4B-00C04F79EFBC}") = "AuditSystem.UnitTests", "Unit_Testing_Styles\AuditSystem.UnitTests\AuditSystem.UnitTests.csproj", "{84E3747F-2ACF-4B58-B448-F16D23E8ED21}"
EndProject
Project("{2150E333-8FDC-42A3-9474-1A3956D46DE8}") = "Refactoring_For_Effective_Unit_Tests", "Refactoring_For_Effective_Unit_Tests", "{B1BA8F3A-6634-19C3-C45D-DC1A4323CA3E}"
	ProjectSection(SolutionItems) = preProject
		explanatory_note.txt = explanatory_note.txt
	EndProjectSection
EndProject
Project("{FAE04EC0-301F-11D3-BF4B-00C04F79EFBC}") = "CRM", "Refactoring_For_Effective_Unit_Tests\CRM\CRM.csproj", "{F573D9B9-DED4-4C22-90B3-575E8499D1F8}"
EndProject
Project("{FAE04EC0-301F-11D3-BF4B-00C04F79EFBC}") = "CRM.UnitTests", "Refactoring_For_Effective_Unit_Tests\CRM.UnitTests\CRM.UnitTests.csproj", "{640BE8D1-F866-8BA6-E34B-E0AC5AB47E43}"
EndProject
Project("{2150E333-8FDC-42A3-9474-1A3956D46DE8}") = "Hierarchies_And_Test_Organization", "Hierarchies_And_Test_Organization", "{D0204A59-4ABE-FCCA-AA6D-3F8FD7FF498A}"
	ProjectSection(SolutionItems) = preProject
		Hierarchies_And_Test_Organization\explanatory_note.txt = Hierarchies_And_Test_Organization\explanatory_note.txt
	EndProjectSection
EndProject
Project("{FAE04EC0-301F-11D3-BF4B-00C04F79EFBC}") = "SUT", "Hierarchies_And_Test_Organization\SUT\SUT.csproj", "{C58682C5-6615-4259-AE1B-6134BF6ACD74}"
EndProject
Project("{FAE04EC0-301F-11D3-BF4B-00C04F79EFBC}") = "SUT.UnitTests", "Hierarchies_And_Test_Organization\SUT.UnitTests\SUT.UnitTests.csproj", "{F2966AA6-6952-42EC-AEFE-B72E09F032A6}"
EndProject
Project("{2150E333-8FDC-42A3-9474-1A3956D46DE8}") = "Integration_Testing", "Integration_Testing", "{CCC566F2-D38D-0B28-BB19-9E70E3928C95}"
	ProjectSection(SolutionItems) = preProject
		Integration_Testing\explanatory_note.txt = Integration_Testing\explanatory_note.txt
	EndProjectSection
EndProject
Project("{FAE04EC0-301F-11D3-BF4B-00C04F79EFBC}") = "CRM.IntegrationTests", "Integration_Testing\CRM.IntegrationTests\CRM.IntegrationTests.csproj", "{5A6B88B5-2F61-46C5-AF1A-1AFECB8C221F}"
EndProject
Global
	GlobalSection(SolutionConfigurationPlatforms) = preSolution
		Debug|Any CPU = Debug|Any CPU
		Debug|x64 = Debug|x64
		Debug|x86 = Debug|x86
		Release|Any CPU = Release|Any CPU
		Release|x64 = Release|x64
		Release|x86 = Release|x86
	EndGlobalSection
	GlobalSection(ProjectConfigurationPlatforms) = postSolution
		{D81E65A5-5E53-DE46-5484-7C25269A4862}.Debug|Any CPU.ActiveCfg = Debug|Any CPU
		{D81E65A5-5E53-DE46-5484-7C25269A4862}.Debug|Any CPU.Build.0 = Debug|Any CPU
		{D81E65A5-5E53-DE46-5484-7C25269A4862}.Debug|x64.ActiveCfg = Debug|Any CPU
		{D81E65A5-5E53-DE46-5484-7C25269A4862}.Debug|x64.Build.0 = Debug|Any CPU
		{D81E65A5-5E53-DE46-5484-7C25269A4862}.Debug|x86.ActiveCfg = Debug|Any CPU
		{D81E65A5-5E53-DE46-5484-7C25269A4862}.Debug|x86.Build.0 = Debug|Any CPU
		{D81E65A5-5E53-DE46-5484-7C25269A4862}.Release|Any CPU.ActiveCfg = Release|Any CPU
		{D81E65A5-5E53-DE46-5484-7C25269A4862}.Release|Any CPU.Build.0 = Release|Any CPU
		{D81E65A5-5E53-DE46-5484-7C25269A4862}.Release|x64.ActiveCfg = Release|Any CPU
		{D81E65A5-5E53-DE46-5484-7C25269A4862}.Release|x64.Build.0 = Release|Any CPU
		{D81E65A5-5E53-DE46-5484-7C25269A4862}.Release|x86.ActiveCfg = Release|Any CPU
		{D81E65A5-5E53-DE46-5484-7C25269A4862}.Release|x86.Build.0 = Release|Any CPU
		{4DFE409D-3CE2-A703-2CF5-4A7B3CE2C5E7}.Debug|Any CPU.ActiveCfg = Debug|Any CPU
		{4DFE409D-3CE2-A703-2CF5-4A7B3CE2C5E7}.Debug|Any CPU.Build.0 = Debug|Any CPU
		{4DFE409D-3CE2-A703-2CF5-4A7B3CE2C5E7}.Debug|x64.ActiveCfg = Debug|Any CPU
		{4DFE409D-3CE2-A703-2CF5-4A7B3CE2C5E7}.Debug|x64.Build.0 = Debug|Any CPU
		{4DFE409D-3CE2-A703-2CF5-4A7B3CE2C5E7}.Debug|x86.ActiveCfg = Debug|Any CPU
		{4DFE409D-3CE2-A703-2CF5-4A7B3CE2C5E7}.Debug|x86.Build.0 = Debug|Any CPU
		{4DFE409D-3CE2-A703-2CF5-4A7B3CE2C5E7}.Release|Any CPU.ActiveCfg = Release|Any CPU
		{4DFE409D-3CE2-A703-2CF5-4A7B3CE2C5E7}.Release|Any CPU.Build.0 = Release|Any CPU
		{4DFE409D-3CE2-A703-2CF5-4A7B3CE2C5E7}.Release|x64.ActiveCfg = Release|Any CPU
		{4DFE409D-3CE2-A703-2CF5-4A7B3CE2C5E7}.Release|x64.Build.0 = Release|Any CPU
		{4DFE409D-3CE2-A703-2CF5-4A7B3CE2C5E7}.Release|x86.ActiveCfg = Release|Any CPU
		{4DFE409D-3CE2-A703-2CF5-4A7B3CE2C5E7}.Release|x86.Build.0 = Release|Any CPU
		{45C39EDD-3194-42C6-8D88-9A70EF9503CF}.Debug|Any CPU.ActiveCfg = Debug|Any CPU
		{45C39EDD-3194-42C6-8D88-9A70EF9503CF}.Debug|Any CPU.Build.0 = Debug|Any CPU
		{45C39EDD-3194-42C6-8D88-9A70EF9503CF}.Debug|x64.ActiveCfg = Debug|Any CPU
		{45C39EDD-3194-42C6-8D88-9A70EF9503CF}.Debug|x64.Build.0 = Debug|Any CPU
		{45C39EDD-3194-42C6-8D88-9A70EF9503CF}.Debug|x86.ActiveCfg = Debug|Any CPU
		{45C39EDD-3194-42C6-8D88-9A70EF9503CF}.Debug|x86.Build.0 = Debug|Any CPU
		{45C39EDD-3194-42C6-8D88-9A70EF9503CF}.Release|Any CPU.ActiveCfg = Release|Any CPU
		{45C39EDD-3194-42C6-8D88-9A70EF9503CF}.Release|Any CPU.Build.0 = Release|Any CPU
		{45C39EDD-3194-42C6-8D88-9A70EF9503CF}.Release|x64.ActiveCfg = Release|Any CPU
		{45C39EDD-3194-42C6-8D88-9A70EF9503CF}.Release|x64.Build.0 = Release|Any CPU
		{45C39EDD-3194-42C6-8D88-9A70EF9503CF}.Release|x86.ActiveCfg = Release|Any CPU
		{45C39EDD-3194-42C6-8D88-9A70EF9503CF}.Release|x86.Build.0 = Release|Any CPU
		{65FA6DDF-A34D-49C9-8728-90D15530490F}.Debug|Any CPU.ActiveCfg = Debug|Any CPU
		{65FA6DDF-A34D-49C9-8728-90D15530490F}.Debug|Any CPU.Build.0 = Debug|Any CPU
		{65FA6DDF-A34D-49C9-8728-90D15530490F}.Debug|x64.ActiveCfg = Debug|Any CPU
		{65FA6DDF-A34D-49C9-8728-90D15530490F}.Debug|x64.Build.0 = Debug|Any CPU
		{65FA6DDF-A34D-49C9-8728-90D15530490F}.Debug|x86.ActiveCfg = Debug|Any CPU
		{65FA6DDF-A34D-49C9-8728-90D15530490F}.Debug|x86.Build.0 = Debug|Any CPU
		{65FA6DDF-A34D-49C9-8728-90D15530490F}.Release|Any CPU.ActiveCfg = Release|Any CPU
		{65FA6DDF-A34D-49C9-8728-90D15530490F}.Release|Any CPU.Build.0 = Release|Any CPU
		{65FA6DDF-A34D-49C9-8728-90D15530490F}.Release|x64.ActiveCfg = Release|Any CPU
		{65FA6DDF-A34D-49C9-8728-90D15530490F}.Release|x64.Build.0 = Release|Any CPU
		{65FA6DDF-A34D-49C9-8728-90D15530490F}.Release|x86.ActiveCfg = Release|Any CPU
		{65FA6DDF-A34D-49C9-8728-90D15530490F}.Release|x86.Build.0 = Release|Any CPU
		{1913E6D5-655B-458C-9205-170CC3ACC930}.Debug|Any CPU.ActiveCfg = Debug|Any CPU
		{1913E6D5-655B-458C-9205-170CC3ACC930}.Debug|Any CPU.Build.0 = Debug|Any CPU
		{1913E6D5-655B-458C-9205-170CC3ACC930}.Debug|x64.ActiveCfg = Debug|Any CPU
		{1913E6D5-655B-458C-9205-170CC3ACC930}.Debug|x64.Build.0 = Debug|Any CPU
		{1913E6D5-655B-458C-9205-170CC3ACC930}.Debug|x86.ActiveCfg = Debug|Any CPU
		{1913E6D5-655B-458C-9205-170CC3ACC930}.Debug|x86.Build.0 = Debug|Any CPU
		{1913E6D5-655B-458C-9205-170CC3ACC930}.Release|Any CPU.ActiveCfg = Release|Any CPU
		{1913E6D5-655B-458C-9205-170CC3ACC930}.Release|Any CPU.Build.0 = Release|Any CPU
		{1913E6D5-655B-458C-9205-170CC3ACC930}.Release|x64.ActiveCfg = Release|Any CPU
		{1913E6D5-655B-458C-9205-170CC3ACC930}.Release|x64.Build.0 = Release|Any CPU
		{1913E6D5-655B-458C-9205-170CC3ACC930}.Release|x86.ActiveCfg = Release|Any CPU
		{1913E6D5-655B-458C-9205-170CC3ACC930}.Release|x86.Build.0 = Release|Any CPU
		{681180D8-D964-4515-801D-81A6DD9DD576}.Debug|Any CPU.ActiveCfg = Debug|Any CPU
		{681180D8-D964-4515-801D-81A6DD9DD576}.Debug|Any CPU.Build.0 = Debug|Any CPU
		{681180D8-D964-4515-801D-81A6DD9DD576}.Debug|x64.ActiveCfg = Debug|Any CPU
		{681180D8-D964-4515-801D-81A6DD9DD576}.Debug|x64.Build.0 = Debug|Any CPU
		{681180D8-D964-4515-801D-81A6DD9DD576}.Debug|x86.ActiveCfg = Debug|Any CPU
		{681180D8-D964-4515-801D-81A6DD9DD576}.Debug|x86.Build.0 = Debug|Any CPU
		{681180D8-D964-4515-801D-81A6DD9DD576}.Release|Any CPU.ActiveCfg = Release|Any CPU
		{681180D8-D964-4515-801D-81A6DD9DD576}.Release|Any CPU.Build.0 = Release|Any CPU
		{681180D8-D964-4515-801D-81A6DD9DD576}.Release|x64.ActiveCfg = Release|Any CPU
		{681180D8-D964-4515-801D-81A6DD9DD576}.Release|x64.Build.0 = Release|Any CPU
		{681180D8-D964-4515-801D-81A6DD9DD576}.Release|x86.ActiveCfg = Release|Any CPU
		{681180D8-D964-4515-801D-81A6DD9DD576}.Release|x86.Build.0 = Release|Any CPU
		{459D8EDC-255A-4252-A136-4E1F9691650A}.Debug|Any CPU.ActiveCfg = Debug|Any CPU
		{459D8EDC-255A-4252-A136-4E1F9691650A}.Debug|Any CPU.Build.0 = Debug|Any CPU
		{459D8EDC-255A-4252-A136-4E1F9691650A}.Debug|x64.ActiveCfg = Debug|Any CPU
		{459D8EDC-255A-4252-A136-4E1F9691650A}.Debug|x64.Build.0 = Debug|Any CPU
		{459D8EDC-255A-4252-A136-4E1F9691650A}.Debug|x86.ActiveCfg = Debug|Any CPU
		{459D8EDC-255A-4252-A136-4E1F9691650A}.Debug|x86.Build.0 = Debug|Any CPU
		{459D8EDC-255A-4252-A136-4E1F9691650A}.Release|Any CPU.ActiveCfg = Release|Any CPU
		{459D8EDC-255A-4252-A136-4E1F9691650A}.Release|Any CPU.Build.0 = Release|Any CPU
		{459D8EDC-255A-4252-A136-4E1F9691650A}.Release|x64.ActiveCfg = Release|Any CPU
		{459D8EDC-255A-4252-A136-4E1F9691650A}.Release|x64.Build.0 = Release|Any CPU
		{459D8EDC-255A-4252-A136-4E1F9691650A}.Release|x86.ActiveCfg = Release|Any CPU
		{459D8EDC-255A-4252-A136-4E1F9691650A}.Release|x86.Build.0 = Release|Any CPU
		{1C5D77DB-A592-4B8D-B5EA-29F8614072F4}.Debug|Any CPU.ActiveCfg = Debug|Any CPU
		{1C5D77DB-A592-4B8D-B5EA-29F8614072F4}.Debug|Any CPU.Build.0 = Debug|Any CPU
		{1C5D77DB-A592-4B8D-B5EA-29F8614072F4}.Debug|x64.ActiveCfg = Debug|Any CPU
		{1C5D77DB-A592-4B8D-B5EA-29F8614072F4}.Debug|x64.Build.0 = Debug|Any CPU
		{1C5D77DB-A592-4B8D-B5EA-29F8614072F4}.Debug|x86.ActiveCfg = Debug|Any CPU
		{1C5D77DB-A592-4B8D-B5EA-29F8614072F4}.Debug|x86.Build.0 = Debug|Any CPU
		{1C5D77DB-A592-4B8D-B5EA-29F8614072F4}.Release|Any CPU.ActiveCfg = Release|Any CPU
		{1C5D77DB-A592-4B8D-B5EA-29F8614072F4}.Release|Any CPU.Build.0 = Release|Any CPU
		{1C5D77DB-A592-4B8D-B5EA-29F8614072F4}.Release|x64.ActiveCfg = Release|Any CPU
		{1C5D77DB-A592-4B8D-B5EA-29F8614072F4}.Release|x64.Build.0 = Release|Any CPU
		{1C5D77DB-A592-4B8D-B5EA-29F8614072F4}.Release|x86.ActiveCfg = Release|Any CPU
		{1C5D77DB-A592-4B8D-B5EA-29F8614072F4}.Release|x86.Build.0 = Release|Any CPU
		{5F6184A0-6195-4997-98E0-5A0A753F82C9}.Debug|Any CPU.ActiveCfg = Debug|Any CPU
		{5F6184A0-6195-4997-98E0-5A0A753F82C9}.Debug|Any CPU.Build.0 = Debug|Any CPU
		{5F6184A0-6195-4997-98E0-5A0A753F82C9}.Debug|x64.ActiveCfg = Debug|Any CPU
		{5F6184A0-6195-4997-98E0-5A0A753F82C9}.Debug|x64.Build.0 = Debug|Any CPU
		{5F6184A0-6195-4997-98E0-5A0A753F82C9}.Debug|x86.ActiveCfg = Debug|Any CPU
		{5F6184A0-6195-4997-98E0-5A0A753F82C9}.Debug|x86.Build.0 = Debug|Any CPU
		{5F6184A0-6195-4997-98E0-5A0A753F82C9}.Release|Any CPU.ActiveCfg = Release|Any CPU
		{5F6184A0-6195-4997-98E0-5A0A753F82C9}.Release|Any CPU.Build.0 = Release|Any CPU
		{5F6184A0-6195-4997-98E0-5A0A753F82C9}.Release|x64.ActiveCfg = Release|Any CPU
		{5F6184A0-6195-4997-98E0-5A0A753F82C9}.Release|x64.Build.0 = Release|Any CPU
		{5F6184A0-6195-4997-98E0-5A0A753F82C9}.Release|x86.ActiveCfg = Release|Any CPU
		{5F6184A0-6195-4997-98E0-5A0A753F82C9}.Release|x86.Build.0 = Release|Any CPU
		{61A30F34-C931-4DE9-A2C5-88A697B82625}.Debug|Any CPU.ActiveCfg = Debug|Any CPU
		{61A30F34-C931-4DE9-A2C5-88A697B82625}.Debug|Any CPU.Build.0 = Debug|Any CPU
		{61A30F34-C931-4DE9-A2C5-88A697B82625}.Debug|x64.ActiveCfg = Debug|Any CPU
		{61A30F34-C931-4DE9-A2C5-88A697B82625}.Debug|x64.Build.0 = Debug|Any CPU
		{61A30F34-C931-4DE9-A2C5-88A697B82625}.Debug|x86.ActiveCfg = Debug|Any CPU
		{61A30F34-C931-4DE9-A2C5-88A697B82625}.Debug|x86.Build.0 = Debug|Any CPU
		{61A30F34-C931-4DE9-A2C5-88A697B82625}.Release|Any CPU.ActiveCfg = Release|Any CPU
		{61A30F34-C931-4DE9-A2C5-88A697B82625}.Release|Any CPU.Build.0 = Release|Any CPU
		{61A30F34-C931-4DE9-A2C5-88A697B82625}.Release|x64.ActiveCfg = Release|Any CPU
		{61A30F34-C931-4DE9-A2C5-88A697B82625}.Release|x64.Build.0 = Release|Any CPU
		{61A30F34-C931-4DE9-A2C5-88A697B82625}.Release|x86.ActiveCfg = Release|Any CPU
		{61A30F34-C931-4DE9-A2C5-88A697B82625}.Release|x86.Build.0 = Release|Any CPU
		{EBB3F68E-DE84-1461-B0A3-082E4615438B}.Debug|Any CPU.ActiveCfg = Debug|Any CPU
		{EBB3F68E-DE84-1461-B0A3-082E4615438B}.Debug|Any CPU.Build.0 = Debug|Any CPU
		{EBB3F68E-DE84-1461-B0A3-082E4615438B}.Debug|x64.ActiveCfg = Debug|Any CPU
		{EBB3F68E-DE84-1461-B0A3-082E4615438B}.Debug|x64.Build.0 = Debug|Any CPU
		{EBB3F68E-DE84-1461-B0A3-082E4615438B}.Debug|x86.ActiveCfg = Debug|Any CPU
		{EBB3F68E-DE84-1461-B0A3-082E4615438B}.Debug|x86.Build.0 = Debug|Any CPU
		{EBB3F68E-DE84-1461-B0A3-082E4615438B}.Release|Any CPU.ActiveCfg = Release|Any CPU
		{EBB3F68E-DE84-1461-B0A3-082E4615438B}.Release|Any CPU.Build.0 = Release|Any CPU
		{EBB3F68E-DE84-1461-B0A3-082E4615438B}.Release|x64.ActiveCfg = Release|Any CPU
		{EBB3F68E-DE84-1461-B0A3-082E4615438B}.Release|x64.Build.0 = Release|Any CPU
		{EBB3F68E-DE84-1461-B0A3-082E4615438B}.Release|x86.ActiveCfg = Release|Any CPU
		{EBB3F68E-DE84-1461-B0A3-082E4615438B}.Release|x86.Build.0 = Release|Any CPU
		{98C091C9-7F75-F67A-A664-664BEEBBF6F3}.Debug|Any CPU.ActiveCfg = Debug|Any CPU
		{98C091C9-7F75-F67A-A664-664BEEBBF6F3}.Debug|Any CPU.Build.0 = Debug|Any CPU
		{98C091C9-7F75-F67A-A664-664BEEBBF6F3}.Debug|x64.ActiveCfg = Debug|Any CPU
		{98C091C9-7F75-F67A-A664-664BEEBBF6F3}.Debug|x64.Build.0 = Debug|Any CPU
		{98C091C9-7F75-F67A-A664-664BEEBBF6F3}.Debug|x86.ActiveCfg = Debug|Any CPU
		{98C091C9-7F75-F67A-A664-664BEEBBF6F3}.Debug|x86.Build.0 = Debug|Any CPU
		{98C091C9-7F75-F67A-A664-664BEEBBF6F3}.Release|Any CPU.ActiveCfg = Release|Any CPU
		{98C091C9-7F75-F67A-A664-664BEEBBF6F3}.Release|Any CPU.Build.0 = Release|Any CPU
		{98C091C9-7F75-F67A-A664-664BEEBBF6F3}.Release|x64.ActiveCfg = Release|Any CPU
		{98C091C9-7F75-F67A-A664-664BEEBBF6F3}.Release|x64.Build.0 = Release|Any CPU
		{98C091C9-7F75-F67A-A664-664BEEBBF6F3}.Release|x86.ActiveCfg = Release|Any CPU
		{98C091C9-7F75-F67A-A664-664BEEBBF6F3}.Release|x86.Build.0 = Release|Any CPU
		{C2D9B0C9-6D53-449B-9D7A-A9C82D4790A9}.Debug|Any CPU.ActiveCfg = Debug|Any CPU
		{C2D9B0C9-6D53-449B-9D7A-A9C82D4790A9}.Debug|Any CPU.Build.0 = Debug|Any CPU
		{C2D9B0C9-6D53-449B-9D7A-A9C82D4790A9}.Debug|x64.ActiveCfg = Debug|Any CPU
		{C2D9B0C9-6D53-449B-9D7A-A9C82D4790A9}.Debug|x64.Build.0 = Debug|Any CPU
		{C2D9B0C9-6D53-449B-9D7A-A9C82D4790A9}.Debug|x86.ActiveCfg = Debug|Any CPU
		{C2D9B0C9-6D53-449B-9D7A-A9C82D4790A9}.Debug|x86.Build.0 = Debug|Any CPU
		{C2D9B0C9-6D53-449B-9D7A-A9C82D4790A9}.Release|Any CPU.ActiveCfg = Release|Any CPU
		{C2D9B0C9-6D53-449B-9D7A-A9C82D4790A9}.Release|Any CPU.Build.0 = Release|Any CPU
		{C2D9B0C9-6D53-449B-9D7A-A9C82D4790A9}.Release|x64.ActiveCfg = Release|Any CPU
		{C2D9B0C9-6D53-449B-9D7A-A9C82D4790A9}.Release|x64.Build.0 = Release|Any CPU
		{C2D9B0C9-6D53-449B-9D7A-A9C82D4790A9}.Release|x86.ActiveCfg = Release|Any CPU
		{C2D9B0C9-6D53-449B-9D7A-A9C82D4790A9}.Release|x86.Build.0 = Release|Any CPU
		{84E3747F-2ACF-4B58-B448-F16D23E8ED21}.Debug|Any CPU.ActiveCfg = Debug|Any CPU
		{84E3747F-2ACF-4B58-B448-F16D23E8ED21}.Debug|Any CPU.Build.0 = Debug|Any CPU
		{84E3747F-2ACF-4B58-B448-F16D23E8ED21}.Debug|x64.ActiveCfg = Debug|Any CPU
		{84E3747F-2ACF-4B58-B448-F16D23E8ED21}.Debug|x64.Build.0 = Debug|Any CPU
		{84E3747F-2ACF-4B58-B448-F16D23E8ED21}.Debug|x86.ActiveCfg = Debug|Any CPU
		{84E3747F-2ACF-4B58-B448-F16D23E8ED21}.Debug|x86.Build.0 = Debug|Any CPU
		{84E3747F-2ACF-4B58-B448-F16D23E8ED21}.Release|Any CPU.ActiveCfg = Release|Any CPU
		{84E3747F-2ACF-4B58-B448-F16D23E8ED21}.Release|Any CPU.Build.0 = Release|Any CPU
		{84E3747F-2ACF-4B58-B448-F16D23E8ED21}.Release|x64.ActiveCfg = Release|Any CPU
		{84E3747F-2ACF-4B58-B448-F16D23E8ED21}.Release|x64.Build.0 = Release|Any CPU
		{84E3747F-2ACF-4B58-B448-F16D23E8ED21}.Release|x86.ActiveCfg = Release|Any CPU
		{84E3747F-2ACF-4B58-B448-F16D23E8ED21}.Release|x86.Build.0 = Release|Any CPU
		{F573D9B9-DED4-4C22-90B3-575E8499D1F8}.Debug|Any CPU.ActiveCfg = Debug|Any CPU
		{F573D9B9-DED4-4C22-90B3-575E8499D1F8}.Debug|Any CPU.Build.0 = Debug|Any CPU
		{F573D9B9-DED4-4C22-90B3-575E8499D1F8}.Debug|x64.ActiveCfg = Debug|Any CPU
		{F573D9B9-DED4-4C22-90B3-575E8499D1F8}.Debug|x64.Build.0 = Debug|Any CPU
		{F573D9B9-DED4-4C22-90B3-575E8499D1F8}.Debug|x86.ActiveCfg = Debug|Any CPU
		{F573D9B9-DED4-4C22-90B3-575E8499D1F8}.Debug|x86.Build.0 = Debug|Any CPU
		{F573D9B9-DED4-4C22-90B3-575E8499D1F8}.Release|Any CPU.ActiveCfg = Release|Any CPU
		{F573D9B9-DED4-4C22-90B3-575E8499D1F8}.Release|Any CPU.Build.0 = Release|Any CPU
		{F573D9B9-DED4-4C22-90B3-575E8499D1F8}.Release|x64.ActiveCfg = Release|Any CPU
		{F573D9B9-DED4-4C22-90B3-575E8499D1F8}.Release|x64.Build.0 = Release|Any CPU
		{F573D9B9-DED4-4C22-90B3-575E8499D1F8}.Release|x86.ActiveCfg = Release|Any CPU
		{F573D9B9-DED4-4C22-90B3-575E8499D1F8}.Release|x86.Build.0 = Release|Any CPU
		{640BE8D1-F866-8BA6-E34B-E0AC5AB47E43}.Debug|Any CPU.ActiveCfg = Debug|Any CPU
		{640BE8D1-F866-8BA6-E34B-E0AC5AB47E43}.Debug|Any CPU.Build.0 = Debug|Any CPU
		{640BE8D1-F866-8BA6-E34B-E0AC5AB47E43}.Debug|x64.ActiveCfg = Debug|Any CPU
		{640BE8D1-F866-8BA6-E34B-E0AC5AB47E43}.Debug|x64.Build.0 = Debug|Any CPU
		{640BE8D1-F866-8BA6-E34B-E0AC5AB47E43}.Debug|x86.ActiveCfg = Debug|Any CPU
		{640BE8D1-F866-8BA6-E34B-E0AC5AB47E43}.Debug|x86.Build.0 = Debug|Any CPU
		{640BE8D1-F866-8BA6-E34B-E0AC5AB47E43}.Release|Any CPU.ActiveCfg = Release|Any CPU
		{640BE8D1-F866-8BA6-E34B-E0AC5AB47E43}.Release|Any CPU.Build.0 = Release|Any CPU
		{640BE8D1-F866-8BA6-E34B-E0AC5AB47E43}.Release|x64.ActiveCfg = Release|Any CPU
		{640BE8D1-F866-8BA6-E34B-E0AC5AB47E43}.Release|x64.Build.0 = Release|Any CPU
		{640BE8D1-F866-8BA6-E34B-E0AC5AB47E43}.Release|x86.ActiveCfg = Release|Any CPU
		{640BE8D1-F866-8BA6-E34B-E0AC5AB47E43}.Release|x86.Build.0 = Release|Any CPU
		{C58682C5-6615-4259-AE1B-6134BF6ACD74}.Debug|Any CPU.ActiveCfg = Debug|Any CPU
		{C58682C5-6615-4259-AE1B-6134BF6ACD74}.Debug|Any CPU.Build.0 = Debug|Any CPU
		{C58682C5-6615-4259-AE1B-6134BF6ACD74}.Debug|x64.ActiveCfg = Debug|Any CPU
		{C58682C5-6615-4259-AE1B-6134BF6ACD74}.Debug|x64.Build.0 = Debug|Any CPU
		{C58682C5-6615-4259-AE1B-6134BF6ACD74}.Debug|x86.ActiveCfg = Debug|Any CPU
		{C58682C5-6615-4259-AE1B-6134BF6ACD74}.Debug|x86.Build.0 = Debug|Any CPU
		{C58682C5-6615-4259-AE1B-6134BF6ACD74}.Release|Any CPU.ActiveCfg = Release|Any CPU
		{C58682C5-6615-4259-AE1B-6134BF6ACD74}.Release|Any CPU.Build.0 = Release|Any CPU
		{C58682C5-6615-4259-AE1B-6134BF6ACD74}.Release|x64.ActiveCfg = Release|Any CPU
		{C58682C5-6615-4259-AE1B-6134BF6ACD74}.Release|x64.Build.0 = Release|Any CPU
		{C58682C5-6615-4259-AE1B-6134BF6ACD74}.Release|x86.ActiveCfg = Release|Any CPU
		{C58682C5-6615-4259-AE1B-6134BF6ACD74}.Release|x86.Build.0 = Release|Any CPU
		{F2966AA6-6952-42EC-AEFE-B72E09F032A6}.Debug|Any CPU.ActiveCfg = Debug|Any CPU
		{F2966AA6-6952-42EC-AEFE-B72E09F032A6}.Debug|Any CPU.Build.0 = Debug|Any CPU
		{F2966AA6-6952-42EC-AEFE-B72E09F032A6}.Debug|x64.ActiveCfg = Debug|Any CPU
		{F2966AA6-6952-42EC-AEFE-B72E09F032A6}.Debug|x64.Build.0 = Debug|Any CPU
		{F2966AA6-6952-42EC-AEFE-B72E09F032A6}.Debug|x86.ActiveCfg = Debug|Any CPU
		{F2966AA6-6952-42EC-AEFE-B72E09F032A6}.Debug|x86.Build.0 = Debug|Any CPU
		{F2966AA6-6952-42EC-AEFE-B72E09F032A6}.Release|Any CPU.ActiveCfg = Release|Any CPU
		{F2966AA6-6952-42EC-AEFE-B72E09F032A6}.Release|Any CPU.Build.0 = Release|Any CPU
		{F2966AA6-6952-42EC-AEFE-B72E09F032A6}.Release|x64.ActiveCfg = Release|Any CPU
		{F2966AA6-6952-42EC-AEFE-B72E09F032A6}.Release|x64.Build.0 = Release|Any CPU
		{F2966AA6-6952-42EC-AEFE-B72E09F032A6}.Release|x86.ActiveCfg = Release|Any CPU
		{F2966AA6-6952-42EC-AEFE-B72E09F032A6}.Release|x86.Build.0 = Release|Any CPU
		{5A6B88B5-2F61-46C5-AF1A-1AFECB8C221F}.Debug|Any CPU.ActiveCfg = Debug|Any CPU
		{5A6B88B5-2F61-46C5-AF1A-1AFECB8C221F}.Debug|Any CPU.Build.0 = Debug|Any CPU
		{5A6B88B5-2F61-46C5-AF1A-1AFECB8C221F}.Debug|x64.ActiveCfg = Debug|Any CPU
		{5A6B88B5-2F61-46C5-AF1A-1AFECB8C221F}.Debug|x64.Build.0 = Debug|Any CPU
		{5A6B88B5-2F61-46C5-AF1A-1AFECB8C221F}.Debug|x86.ActiveCfg = Debug|Any CPU
		{5A6B88B5-2F61-46C5-AF1A-1AFECB8C221F}.Debug|x86.Build.0 = Debug|Any CPU
		{5A6B88B5-2F61-46C5-AF1A-1AFECB8C221F}.Release|Any CPU.ActiveCfg = Release|Any CPU
		{5A6B88B5-2F61-46C5-AF1A-1AFECB8C221F}.Release|Any CPU.Build.0 = Release|Any CPU
		{5A6B88B5-2F61-46C5-AF1A-1AFECB8C221F}.Release|x64.ActiveCfg = Release|Any CPU
		{5A6B88B5-2F61-46C5-AF1A-1AFECB8C221F}.Release|x64.Build.0 = Release|Any CPU
		{5A6B88B5-2F61-46C5-AF1A-1AFECB8C221F}.Release|x86.ActiveCfg = Release|Any CPU
		{5A6B88B5-2F61-46C5-AF1A-1AFECB8C221F}.Release|x86.Build.0 = Release|Any CPU
	EndGlobalSection
	GlobalSection(SolutionProperties) = preSolution
		HideSolutionNode = FALSE
	EndGlobalSection
	GlobalSection(NestedProjects) = preSolution
		{D81E65A5-5E53-DE46-5484-7C25269A4862} = {F165E8B4-F48B-AD39-66D7-A54EE98E9231}
		{4DFE409D-3CE2-A703-2CF5-4A7B3CE2C5E7} = {F165E8B4-F48B-AD39-66D7-A54EE98E9231}
		{45C39EDD-3194-42C6-8D88-9A70EF9503CF} = {77CEB561-7E68-4E0B-AA00-DB8727C6A863}
		{65FA6DDF-A34D-49C9-8728-90D15530490F} = {77CEB561-7E68-4E0B-AA00-DB8727C6A863}
		{1913E6D5-655B-458C-9205-170CC3ACC930} = {FE3B4120-A00D-4CC6-8516-1CFC25E5FD91}
		{681180D8-D964-4515-801D-81A6DD9DD576} = {FE3B4120-A00D-4CC6-8516-1CFC25E5FD91}
		{459D8EDC-255A-4252-A136-4E1F9691650A} = {0B66F697-C2E6-4F50-9D80-508B0E981ED2}
		{1C5D77DB-A592-4B8D-B5EA-29F8614072F4} = {0B66F697-C2E6-4F50-9D80-508B0E981ED2}
		{5F6184A0-6195-4997-98E0-5A0A753F82C9} = {A40D4440-C52D-46AB-A047-4997B566D47F}
		{61A30F34-C931-4DE9-A2C5-88A697B82625} = {A40D4440-C52D-46AB-A047-4997B566D47F}
		{EBB3F68E-DE84-1461-B0A3-082E4615438B} = {BB931595-F716-4DE2-8520-5D753E9270F0}
		{98C091C9-7F75-F67A-A664-664BEEBBF6F3} = {BB931595-F716-4DE2-8520-5D753E9270F0}
		{C2D9B0C9-6D53-449B-9D7A-A9C82D4790A9} = {A40D4440-C52D-46AB-A047-4997B566D47F}
		{84E3747F-2ACF-4B58-B448-F16D23E8ED21} = {A40D4440-C52D-46AB-A047-4997B566D47F}
		{F573D9B9-DED4-4C22-90B3-575E8499D1F8} = {B1BA8F3A-6634-19C3-C45D-DC1A4323CA3E}
		{640BE8D1-F866-8BA6-E34B-E0AC5AB47E43} = {B1BA8F3A-6634-19C3-C45D-DC1A4323CA3E}
		{C58682C5-6615-4259-AE1B-6134BF6ACD74} = {D0204A59-4ABE-FCCA-AA6D-3F8FD7FF498A}
		{F2966AA6-6952-42EC-AEFE-B72E09F032A6} = {D0204A59-4ABE-FCCA-AA6D-3F8FD7FF498A}
		{5A6B88B5-2F61-46C5-AF1A-1AFECB8C221F} = {CCC566F2-D38D-0B28-BB19-9E70E3928C95}
	EndGlobalSection
	GlobalSection(ExtensibilityGlobals) = postSolution
		SolutionGuid = {1510C5A9-0542-4030-9561-3F917B7E594C}
	EndGlobalSection
EndGlobal
