Microsoft Visual Studio Solution File, Format Version 12.00
# Visual Studio Version 17
VisualStudioVersion = 17.5.2.0
MinimumVisualStudioVersion = 10.0.40219.1
Project("{FAE04EC0-301F-11D3-BF4B-00C04F79EFBC}") = "LogAn", "LogAn\LogAn.csproj", "{3D798FD1-E847-DA71-C05F-F1E3686C1A97}"
EndProject
Project("{FAE04EC0-301F-11D3-BF4B-00C04F79EFBC}") = "LogAn.UnitTests", "LogAn.UnitTests\LogAn.UnitTests.csproj", "{14EDC216-7FE3-9911-561E-06BEF29629A1}"
EndProject
Global
	GlobalSection(SolutionConfigurationPlatforms) = preSolution
		Debug|Any CPU = Debug|Any CPU
		Release|Any CPU = Release|Any CPU
	EndGlobalSection
	GlobalSection(ProjectConfigurationPlatforms) = postSolution
		{3D798FD1-E847-DA71-C05F-F1E3686C1A97}.Debug|Any CPU.ActiveCfg = Debug|Any CPU
		{3D798FD1-E847-DA71-C05F-F1E3686C1A97}.Debug|Any CPU.Build.0 = Debug|Any CPU
		{3D798FD1-E847-DA71-C05F-F1E3686C1A97}.Release|Any CPU.ActiveCfg = Release|Any CPU
		{3D798FD1-E847-DA71-C05F-F1E3686C1A97}.Release|Any CPU.Build.0 = Release|Any CPU
		{14EDC216-7FE3-9911-561E-06BEF29629A1}.Debug|Any CPU.ActiveCfg = Debug|Any CPU
		{14EDC216-7FE3-9911-561E-06BEF29629A1}.Debug|Any CPU.Build.0 = Debug|Any CPU
		{14EDC216-7FE3-9911-561E-06BEF29629A1}.Release|Any CPU.ActiveCfg = Release|Any CPU
		{14EDC216-7FE3-9911-561E-06BEF29629A1}.Release|Any CPU.Build.0 = Release|Any CPU
	EndGlobalSection
	GlobalSection(SolutionProperties) = preSolution
		HideSolutionNode = FALSE
	EndGlobalSection
	GlobalSection(ExtensibilityGlobals) = postSolution
		SolutionGuid = {1510C5A9-0542-4030-9561-3F917B7E594C}
	EndGlobalSection
EndGlobal
