Microsoft Visual Studio Solution File, Format Version 12.00
# Visual Studio Version 18
VisualStudioVersion = 18.0.11217.181
MinimumVisualStudioVersion = 10.0.40219.1
Project("{2150E333-8FDC-42A3-9474-1A3956D46DE8}") = "First_Autonomous_Test", "First_Autonomous_Test", "{F165E8B4-F48B-AD39-66D7-A54EE98E9231}"
	ProjectSection(SolutionItems) = preProject
		explanatory_note.txt = explanatory_note.txt
	EndProjectSection
EndProject
Project("{FAE04EC0-301F-11D3-BF4B-00C04F79EFBC}") = "LogAn", "First_Autonomous_Test\LogAn\LogAn.csproj", "{D81E65A5-5E53-DE46-5484-7C25269A4862}"
EndProject
Project("{FAE04EC0-301F-11D3-BF4B-00C04F79EFBC}") = "LogAn.UnitTests", "First_Autonomous_Test\LogAn.UnitTests\LogAn.UnitTests.csproj", "{4DFE409D-3CE2-A703-2CF5-4A7B3CE2C5E7}"
EndProject
Project("{2150E333-8FDC-42A3-9474-1A3956D46DE8}") = "Four_Aspects_Of_Good_Unit_Tests", "Four_Aspects_Of_Good_Unit_Tests", "{77CEB561-7E68-4E0B-AA00-DB8727C6A863}"
	ProjectSection(SolutionItems) = preProject
		explanatory_note.txt = explanatory_note.txt
	EndProjectSection
EndProject
Project("{FAE04EC0-301F-11D3-BF4B-00C04F79EFBC}") = "SUT", "Four_Aspects_Of_Good_Unit_Tests\SUT\SUT.csproj", "{45C39EDD-3194-42C6-8D88-9A70EF9503CF}"
EndProject
Project("{FAE04EC0-301F-11D3-BF4B-00C04F79EFBC}") = "SUT.UnitTests", "Four_Aspects_Of_Good_Unit_Tests\SUT.UnitTests\SUT.UnitTests.csproj", "{65FA6DDF-A34D-49C9-8728-90D15530490F}"
EndProject
Global
	GlobalSection(SolutionConfigurationPlatforms) = preSolution
		Debug|Any CPU = Debug|Any CPU
		Release|Any CPU = Release|Any CPU
	EndGlobalSection
	GlobalSection(ProjectConfigurationPlatforms) = postSolution
		{D81E65A5-5E53-DE46-5484-7C25269A4862}.Debug|Any CPU.ActiveCfg = Debug|Any CPU
		{D81E65A5-5E53-DE46-5484-7C25269A4862}.Debug|Any CPU.Build.0 = Debug|Any CPU
		{D81E65A5-5E53-DE46-5484-7C25269A4862}.Release|Any CPU.ActiveCfg = Release|Any CPU
		{D81E65A5-5E53-DE46-5484-7C25269A4862}.Release|Any CPU.Build.0 = Release|Any CPU
		{4DFE409D-3CE2-A703-2CF5-4A7B3CE2C5E7}.Debug|Any CPU.ActiveCfg = Debug|Any CPU
		{4DFE409D-3CE2-A703-2CF5-4A7B3CE2C5E7}.Debug|Any CPU.Build.0 = Debug|Any CPU
		{4DFE409D-3CE2-A703-2CF5-4A7B3CE2C5E7}.Release|Any CPU.ActiveCfg = Release|Any CPU
		{4DFE409D-3CE2-A703-2CF5-4A7B3CE2C5E7}.Release|Any CPU.Build.0 = Release|Any CPU
		{45C39EDD-3194-42C6-8D88-9A70EF9503CF}.Debug|Any CPU.ActiveCfg = Debug|Any CPU
		{45C39EDD-3194-42C6-8D88-9A70EF9503CF}.Debug|Any CPU.Build.0 = Debug|Any CPU
		{45C39EDD-3194-42C6-8D88-9A70EF9503CF}.Release|Any CPU.ActiveCfg = Release|Any CPU
		{45C39EDD-3194-42C6-8D88-9A70EF9503CF}.Release|Any CPU.Build.0 = Release|Any CPU
		{65FA6DDF-A34D-49C9-8728-90D15530490F}.Debug|Any CPU.ActiveCfg = Debug|Any CPU
		{65FA6DDF-A34D-49C9-8728-90D15530490F}.Debug|Any CPU.Build.0 = Debug|Any CPU
		{65FA6DDF-A34D-49C9-8728-90D15530490F}.Release|Any CPU.ActiveCfg = Release|Any CPU
		{65FA6DDF-A34D-49C9-8728-90D15530490F}.Release|Any CPU.Build.0 = Release|Any CPU
	EndGlobalSection
	GlobalSection(SolutionProperties) = preSolution
		HideSolutionNode = FALSE
	EndGlobalSection
	GlobalSection(NestedProjects) = preSolution
		{D81E65A5-5E53-DE46-5484-7C25269A4862} = {F165E8B4-F48B-AD39-66D7-A54EE98E9231}
		{4DFE409D-3CE2-A703-2CF5-4A7B3CE2C5E7} = {F165E8B4-F48B-AD39-66D7-A54EE98E9231}
		{45C39EDD-3194-42C6-8D88-9A70EF9503CF} = {77CEB561-7E68-4E0B-AA00-DB8727C6A863}
		{65FA6DDF-A34D-49C9-8728-90D15530490F} = {77CEB561-7E68-4E0B-AA00-DB8727C6A863}
	EndGlobalSection
	GlobalSection(ExtensibilityGlobals) = postSolution
		SolutionGuid = {1510C5A9-0542-4030-9561-3F917B7E594C}
	EndGlobalSection
EndGlobal
